// !$*UTF8*$!
{
	archiveVersion = 1;
	classes = {
	};
	objectVersion = 46;
	objects = {

/* Begin PBXBuildFile section */
		5B2CA30F1D9D9CE100A644AD /* ScoreViewController.swift in Sources */ = {isa = PBXBuildFile; fileRef = 5B2CA30E1D9D9CE100A644AD /* ScoreViewController.swift */; };
		5B2CA3111D9DB15E00A644AD /* WebViewController.swift in Sources */ = {isa = PBXBuildFile; fileRef = 5B2CA3101D9DB15E00A644AD /* WebViewController.swift */; };
		5B40FCFD1D903A9800E023B9 /* AppDelegate.swift in Sources */ = {isa = PBXBuildFile; fileRef = 5B40FCFC1D903A9800E023B9 /* AppDelegate.swift */; };
		5B40FCFF1D903A9800E023B9 /* SportsTriviaViewController.swift in Sources */ = {isa = PBXBuildFile; fileRef = 5B40FCFE1D903A9800E023B9 /* SportsTriviaViewController.swift */; };
		5B40FD021D903A9800E023B9 /* Main.storyboard in Resources */ = {isa = PBXBuildFile; fileRef = 5B40FD001D903A9800E023B9 /* Main.storyboard */; };
		5B40FD041D903A9800E023B9 /* Assets.xcassets in Resources */ = {isa = PBXBuildFile; fileRef = 5B40FD031D903A9800E023B9 /* Assets.xcassets */; };
		5B40FD071D903A9800E023B9 /* LaunchScreen.storyboard in Resources */ = {isa = PBXBuildFile; fileRef = 5B40FD051D903A9800E023B9 /* LaunchScreen.storyboard */; };
		5B40FD121D903A9800E023B9 /* SportsTriviaGameTests.swift in Sources */ = {isa = PBXBuildFile; fileRef = 5B40FD111D903A9800E023B9 /* SportsTriviaGameTests.swift */; };
		5B40FD1D1D903A9800E023B9 /* SportsTriviaGameUITests.swift in Sources */ = {isa = PBXBuildFile; fileRef = 5B40FD1C1D903A9800E023B9 /* SportsTriviaGameUITests.swift */; };
		5B40FD2C1D903C0200E023B9 /* SportsTriviaQuestions.swift in Sources */ = {isa = PBXBuildFile; fileRef = 5B40FD2B1D903C0200E023B9 /* SportsTriviaQuestions.swift */; };
		5BEC4FDD1D95D15D0042FB20 /* SportsEvents.plist in Resources */ = {isa = PBXBuildFile; fileRef = 5BEC4FDC1D95D15D0042FB20 /* SportsEvents.plist */; };
/* End PBXBuildFile section */

/* Begin PBXContainerItemProxy section */
		5B40FD0E1D903A9800E023B9 /* PBXContainerItemProxy */ = {
			isa = PBXContainerItemProxy;
			containerPortal = 5B40FCF11D903A9800E023B9 /* Project object */;
			proxyType = 1;
			remoteGlobalIDString = 5B40FCF81D903A9800E023B9;
			remoteInfo = SportsTriviaGame;
		};
		5B40FD191D903A9800E023B9 /* PBXContainerItemProxy */ = {
			isa = PBXContainerItemProxy;
			containerPortal = 5B40FCF11D903A9800E023B9 /* Project object */;
			proxyType = 1;
			remoteGlobalIDString = 5B40FCF81D903A9800E023B9;
			remoteInfo = SportsTriviaGame;
		};
/* End PBXContainerItemProxy section */

/* Begin PBXFileReference section */
		5B2CA30E1D9D9CE100A644AD /* ScoreViewController.swift */ = {isa = PBXFileReference; fileEncoding = 4; lastKnownFileType = sourcecode.swift; path = ScoreViewController.swift; sourceTree = "<group>"; };
		5B2CA3101D9DB15E00A644AD /* WebViewController.swift */ = {isa = PBXFileReference; fileEncoding = 4; lastKnownFileType = sourcecode.swift; path = WebViewController.swift; sourceTree = "<group>"; };
		5B40FCF91D903A9800E023B9 /* SportsTriviaGame.app */ = {isa = PBXFileReference; explicitFileType = wrapper.application; includeInIndex = 0; path = SportsTriviaGame.app; sourceTree = BUILT_PRODUCTS_DIR; };
		5B40FCFC1D903A9800E023B9 /* AppDelegate.swift */ = {isa = PBXFileReference; lastKnownFileType = sourcecode.swift; path = AppDelegate.swift; sourceTree = "<group>"; };
		5B40FCFE1D903A9800E023B9 /* SportsTriviaViewController.swift */ = {isa = PBXFileReference; lastKnownFileType = sourcecode.swift; path = SportsTriviaViewController.swift; sourceTree = "<group>"; };
		5B40FD011D903A9800E023B9 /* Base */ = {isa = PBXFileReference; lastKnownFileType = file.storyboard; name = Base; path = Base.lproj/Main.storyboard; sourceTree = "<group>"; };
		5B40FD031D903A9800E023B9 /* Assets.xcassets */ = {isa = PBXFileReference; lastKnownFileType = folder.assetcatalog; path = Assets.xcassets; sourceTree = "<group>"; };
		5B40FD061D903A9800E023B9 /* Base */ = {isa = PBXFileReference; lastKnownFileType = file.storyboard; name = Base; path = Base.lproj/LaunchScreen.storyboard; sourceTree = "<group>"; };
		5B40FD081D903A9800E023B9 /* Info.plist */ = {isa = PBXFileReference; lastKnownFileType = text.plist.xml; path = Info.plist; sourceTree = "<group>"; };
		5B40FD0D1D903A9800E023B9 /* SportsTriviaGameTests.xctest */ = {isa = PBXFileReference; explicitFileType = wrapper.cfbundle; includeInIndex = 0; path = SportsTriviaGameTests.xctest; sourceTree = BUILT_PRODUCTS_DIR; };
		5B40FD111D903A9800E023B9 /* SportsTriviaGameTests.swift */ = {isa = PBXFileReference; lastKnownFileType = sourcecode.swift; path = SportsTriviaGameTests.swift; sourceTree = "<group>"; };
		5B40FD131D903A9800E023B9 /* Info.plist */ = {isa = PBXFileReference; lastKnownFileType = text.plist.xml; path = Info.plist; sourceTree = "<group>"; };
		5B40FD181D903A9800E023B9 /* SportsTriviaGameUITests.xctest */ = {isa = PBXFileReference; explicitFileType = wrapper.cfbundle; includeInIndex = 0; path = SportsTriviaGameUITests.xctest; sourceTree = BUILT_PRODUCTS_DIR; };
		5B40FD1C1D903A9800E023B9 /* SportsTriviaGameUITests.swift */ = {isa = PBXFileReference; lastKnownFileType = sourcecode.swift; path = SportsTriviaGameUITests.swift; sourceTree = "<group>"; };
		5B40FD1E1D903A9800E023B9 /* Info.plist */ = {isa = PBXFileReference; lastKnownFileType = text.plist.xml; path = Info.plist; sourceTree = "<group>"; };
		5B40FD2B1D903C0200E023B9 /* SportsTriviaQuestions.swift */ = {isa = PBXFileReference; fileEncoding = 4; lastKnownFileType = sourcecode.swift; path = SportsTriviaQuestions.swift; sourceTree = "<group>"; };
		5BEC4FDC1D95D15D0042FB20 /* SportsEvents.plist */ = {isa = PBXFileReference; fileEncoding = 4; lastKnownFileType = text.plist.xml; path = SportsEvents.plist; sourceTree = "<group>"; };
/* End PBXFileReference section */

/* Begin PBXFrameworksBuildPhase section */
		5B40FCF61D903A9800E023B9 /* Frameworks */ = {
			isa = PBXFrameworksBuildPhase;
			buildActionMask = 2147483647;
			files = (
			);
			runOnlyForDeploymentPostprocessing = 0;
		};
		5B40FD0A1D903A9800E023B9 /* Frameworks */ = {
			isa = PBXFrameworksBuildPhase;
			buildActionMask = 2147483647;
			files = (
			);
			runOnlyForDeploymentPostprocessing = 0;
		};
		5B40FD151D903A9800E023B9 /* Frameworks */ = {
			isa = PBXFrameworksBuildPhase;
			buildActionMask = 2147483647;
			files = (
			);
			runOnlyForDeploymentPostprocessing = 0;
		};
/* End PBXFrameworksBuildPhase section */

/* Begin PBXGroup section */
		5B40FCF01D903A9800E023B9 = {
			isa = PBXGroup;
			children = (
				5B40FCFB1D903A9800E023B9 /* SportsTriviaGame */,
				5B40FD101D903A9800E023B9 /* SportsTriviaGameTests */,
				5B40FD1B1D903A9800E023B9 /* SportsTriviaGameUITests */,
				5B40FCFA1D903A9800E023B9 /* Products */,
			);
			sourceTree = "<group>";
		};
		5B40FCFA1D903A9800E023B9 /* Products */ = {
			isa = PBXGroup;
			children = (
				5B40FCF91D903A9800E023B9 /* SportsTriviaGame.app */,
				5B40FD0D1D903A9800E023B9 /* SportsTriviaGameTests.xctest */,
				5B40FD181D903A9800E023B9 /* SportsTriviaGameUITests.xctest */,
			);
			name = Products;
			sourceTree = "<group>";
		};
		5B40FCFB1D903A9800E023B9 /* SportsTriviaGame */ = {
			isa = PBXGroup;
			children = (
				5B40FCFC1D903A9800E023B9 /* AppDelegate.swift */,
				5B40FCFE1D903A9800E023B9 /* SportsTriviaViewController.swift */,
				5B40FD2B1D903C0200E023B9 /* SportsTriviaQuestions.swift */,
				5B2CA30E1D9D9CE100A644AD /* ScoreViewController.swift */,
				5B2CA3101D9DB15E00A644AD /* WebViewController.swift */,
				5B40FD001D903A9800E023B9 /* Main.storyboard */,
				5B40FD2A1D903BDC00E023B9 /* Supporting Files */,
			);
			path = SportsTriviaGame;
			sourceTree = "<group>";
		};
		5B40FD101D903A9800E023B9 /* SportsTriviaGameTests */ = {
			isa = PBXGroup;
			children = (
				5B40FD111D903A9800E023B9 /* SportsTriviaGameTests.swift */,
				5B40FD131D903A9800E023B9 /* Info.plist */,
			);
			path = SportsTriviaGameTests;
			sourceTree = "<group>";
		};
		5B40FD1B1D903A9800E023B9 /* SportsTriviaGameUITests */ = {
			isa = PBXGroup;
			children = (
				5B40FD1C1D903A9800E023B9 /* SportsTriviaGameUITests.swift */,
				5B40FD1E1D903A9800E023B9 /* Info.plist */,
			);
			path = SportsTriviaGameUITests;
			sourceTree = "<group>";
		};
		5B40FD2A1D903BDC00E023B9 /* Supporting Files */ = {
			isa = PBXGroup;
			children = (
				5B40FD031D903A9800E023B9 /* Assets.xcassets */,
				5B40FD051D903A9800E023B9 /* LaunchScreen.storyboard */,
				5BEC4FDC1D95D15D0042FB20 /* SportsEvents.plist */,
				5B40FD081D903A9800E023B9 /* Info.plist */,
			);
			name = "Supporting Files";
			sourceTree = "<group>";
		};
/* End PBXGroup section */

/* Begin PBXNativeTarget section */
		5B40FCF81D903A9800E023B9 /* SportsTriviaGame */ = {
			isa = PBXNativeTarget;
			buildConfigurationList = 5B40FD211D903A9800E023B9 /* Build configuration list for PBXNativeTarget "SportsTriviaGame" */;
			buildPhases = (
				5B40FCF51D903A9800E023B9 /* Sources */,
				5B40FCF61D903A9800E023B9 /* Frameworks */,
				5B40FCF71D903A9800E023B9 /* Resources */,
			);
			buildRules = (
			);
			dependencies = (
			);
			name = SportsTriviaGame;
			productName = SportsTriviaGame;
			productReference = 5B40FCF91D903A9800E023B9 /* SportsTriviaGame.app */;
			productType = "com.apple.product-type.application";
		};
		5B40FD0C1D903A9800E023B9 /* SportsTriviaGameTests */ = {
			isa = PBXNativeTarget;
			buildConfigurationList = 5B40FD241D903A9800E023B9 /* Build configuration list for PBXNativeTarget "SportsTriviaGameTests" */;
			buildPhases = (
				5B40FD091D903A9800E023B9 /* Sources */,
				5B40FD0A1D903A9800E023B9 /* Frameworks */,
				5B40FD0B1D903A9800E023B9 /* Resources */,
			);
			buildRules = (
			);
			dependencies = (
				5B40FD0F1D903A9800E023B9 /* PBXTargetDependency */,
			);
			name = SportsTriviaGameTests;
			productName = SportsTriviaGameTests;
			productReference = 5B40FD0D1D903A9800E023B9 /* SportsTriviaGameTests.xctest */;
			productType = "com.apple.product-type.bundle.unit-test";
		};
		5B40FD171D903A9800E023B9 /* SportsTriviaGameUITests */ = {
			isa = PBXNativeTarget;
			buildConfigurationList = 5B40FD271D903A9800E023B9 /* Build configuration list for PBXNativeTarget "SportsTriviaGameUITests" */;
			buildPhases = (
				5B40FD141D903A9800E023B9 /* Sources */,
				5B40FD151D903A9800E023B9 /* Frameworks */,
				5B40FD161D903A9800E023B9 /* Resources */,
			);
			buildRules = (
			);
			dependencies = (
				5B40FD1A1D903A9800E023B9 /* PBXTargetDependency */,
			);
			name = SportsTriviaGameUITests;
			productName = SportsTriviaGameUITests;
			productReference = 5B40FD181D903A9800E023B9 /* SportsTriviaGameUITests.xctest */;
			productType = "com.apple.product-type.bundle.ui-testing";
		};
/* End PBXNativeTarget section */

/* Begin PBXProject section */
		5B40FCF11D903A9800E023B9 /* Project object */ = {
			isa = PBXProject;
			attributes = {
				LastSwiftUpdateCheck = 0800;
				LastUpgradeCheck = 0800;
				ORGANIZATIONNAME = "Jetwolfe Labs";
				TargetAttributes = {
					5B40FCF81D903A9800E023B9 = {
						CreatedOnToolsVersion = 8.0;
						DevelopmentTeam = V22BWBTLYW;
						ProvisioningStyle = Automatic;
					};
					5B40FD0C1D903A9800E023B9 = {
						CreatedOnToolsVersion = 8.0;
						DevelopmentTeam = V22BWBTLYW;
						ProvisioningStyle = Automatic;
						TestTargetID = 5B40FCF81D903A9800E023B9;
					};
					5B40FD171D903A9800E023B9 = {
						CreatedOnToolsVersion = 8.0;
						DevelopmentTeam = V22BWBTLYW;
						ProvisioningStyle = Automatic;
						TestTargetID = 5B40FCF81D903A9800E023B9;
					};
				};
			};
			buildConfigurationList = 5B40FCF41D903A9800E023B9 /* Build configuration list for PBXProject "SportsTriviaGame" */;
			compatibilityVersion = "Xcode 3.2";
			developmentRegion = English;
			hasScannedForEncodings = 0;
			knownRegions = (
				en,
				Base,
			);
			mainGroup = 5B40FCF01D903A9800E023B9;
			productRefGroup = 5B40FCFA1D903A9800E023B9 /* Products */;
			projectDirPath = "";
			projectRoot = "";
			targets = (
				5B40FCF81D903A9800E023B9 /* SportsTriviaGame */,
				5B40FD0C1D903A9800E023B9 /* SportsTriviaGameTests */,
				5B40FD171D903A9800E023B9 /* SportsTriviaGameUITests */,
			);
		};
/* End PBXProject section */

/* Begin PBXResourcesBuildPhase section */
		5B40FCF71D903A9800E023B9 /* Resources */ = {
			isa = PBXResourcesBuildPhase;
			buildActionMask = 2147483647;
			files = (
				5BEC4FDD1D95D15D0042FB20 /* SportsEvents.plist in Resources */,
				5B40FD071D903A9800E023B9 /* LaunchScreen.storyboard in Resources */,
				5B40FD041D903A9800E023B9 /* Assets.xcassets in Resources */,
				5B40FD021D903A9800E023B9 /* Main.storyboard in Resources */,
			);
			runOnlyForDeploymentPostprocessing = 0;
		};
		5B40FD0B1D903A9800E023B9 /* Resources */ = {
			isa = PBXResourcesBuildPhase;
			buildActionMask = 2147483647;
			files = (
			);
			runOnlyForDeploymentPostprocessing = 0;
		};
		5B40FD161D903A9800E023B9 /* Resources */ = {
			isa = PBXResourcesBuildPhase;
			buildActionMask = 2147483647;
			files = (
			);
			runOnlyForDeploymentPostprocessing = 0;
		};
/* End PBXResourcesBuildPhase section */

/* Begin PBXSourcesBuildPhase section */
		5B40FCF51D903A9800E023B9 /* Sources */ = {
			isa = PBXSourcesBuildPhase;
			buildActionMask = 2147483647;
			files = (
				5B40FD2C1D903C0200E023B9 /* SportsTriviaQuestions.swift in Sources */,
				5B40FCFF1D903A9800E023B9 /* SportsTriviaViewController.swift in Sources */,
				5B40FCFD1D903A9800E023B9 /* AppDelegate.swift in Sources */,
				5B2CA3111D9DB15E00A644AD /* WebViewController.swift in Sources */,
				5B2CA30F1D9D9CE100A644AD /* ScoreViewController.swift in Sources */,
			);
			runOnlyForDeploymentPostprocessing = 0;
		};
		5B40FD091D903A9800E023B9 /* Sources */ = {
			isa = PBXSourcesBuildPhase;
			buildActionMask = 2147483647;
			files = (
				5B40FD121D903A9800E023B9 /* SportsTriviaGameTests.swift in Sources */,
			);
			runOnlyForDeploymentPostprocessing = 0;
		};
		5B40FD141D903A9800E023B9 /* Sources */ = {
			isa = PBXSourcesBuildPhase;
			buildActionMask = 2147483647;
			files = (
				5B40FD1D1D903A9800E023B9 /* SportsTriviaGameUITests.swift in Sources */,
			);
			runOnlyForDeploymentPostprocessing = 0;
		};
/* End PBXSourcesBuildPhase section */

/* Begin PBXTargetDependency section */
		5B40FD0F1D903A9800E023B9 /* PBXTargetDependency */ = {
			isa = PBXTargetDependency;
			target = 5B40FCF81D903A9800E023B9 /* SportsTriviaGame */;
			targetProxy = 5B40FD0E1D903A9800E023B9 /* PBXContainerItemProxy */;
		};
		5B40FD1A1D903A9800E023B9 /* PBXTargetDependency */ = {
			isa = PBXTargetDependency;
			target = 5B40FCF81D903A9800E023B9 /* SportsTriviaGame */;
			targetProxy = 5B40FD191D903A9800E023B9 /* PBXContainerItemProxy */;
		};
/* End PBXTargetDependency section */

/* Begin PBXVariantGroup section */
		5B40FD001D903A9800E023B9 /* Main.storyboard */ = {
			isa = PBXVariantGroup;
			children = (
				5B40FD011D903A9800E023B9 /* Base */,
			);
			name = Main.storyboard;
			sourceTree = "<group>";
		};
		5B40FD051D903A9800E023B9 /* LaunchScreen.storyboard */ = {
			isa = PBXVariantGroup;
			children = (
				5B40FD061D903A9800E023B9 /* Base */,
			);
			name = LaunchScreen.storyboard;
			sourceTree = "<group>";
		};
/* End PBXVariantGroup section */

/* Begin XCBuildConfiguration section */
		5B40FD1F1D903A9800E023B9 /* Debug */ = {
			isa = XCBuildConfiguration;
			buildSettings = {
				ALWAYS_SEARCH_USER_PATHS = NO;
				CLANG_ANALYZER_NONNULL = YES;
				CLANG_CXX_LANGUAGE_STANDARD = "gnu++0x";
				CLANG_CXX_LIBRARY = "libc++";
				CLANG_ENABLE_MODULES = YES;
				CLANG_ENABLE_OBJC_ARC = YES;
				CLANG_WARN_BOOL_CONVERSION = YES;
				CLANG_WARN_CONSTANT_CONVERSION = YES;
				CLANG_WARN_DIRECT_OBJC_ISA_USAGE = YES_ERROR;
				CLANG_WARN_DOCUMENTATION_COMMENTS = YES;
				CLANG_WARN_EMPTY_BODY = YES;
				CLANG_WARN_ENUM_CONVERSION = YES;
				CLANG_WARN_INFINITE_RECURSION = YES;
				CLANG_WARN_INT_CONVERSION = YES;
				CLANG_WARN_OBJC_ROOT_CLASS = YES_ERROR;
				CLANG_WARN_SUSPICIOUS_MOVES = YES;
				CLANG_WARN_UNREACHABLE_CODE = YES;
				CLANG_WARN__DUPLICATE_METHOD_MATCH = YES;
				"CODE_SIGN_IDENTITY[sdk=iphoneos*]" = "iPhone Developer";
				COPY_PHASE_STRIP = NO;
				DEBUG_INFORMATION_FORMAT = dwarf;
				ENABLE_STRICT_OBJC_MSGSEND = YES;
				ENABLE_TESTABILITY = YES;
				GCC_C_LANGUAGE_STANDARD = gnu99;
				GCC_DYNAMIC_NO_PIC = NO;
				GCC_NO_COMMON_BLOCKS = YES;
				GCC_OPTIMIZATION_LEVEL = 0;
				GCC_PREPROCESSOR_DEFINITIONS = (
					"DEBUG=1",
					"$(inherited)",
				);
				GCC_WARN_64_TO_32_BIT_CONVERSION = YES;
				GCC_WARN_ABOUT_RETURN_TYPE = YES_ERROR;
				GCC_WARN_UNDECLARED_SELECTOR = YES;
				GCC_WARN_UNINITIALIZED_AUTOS = YES_AGGRESSIVE;
				GCC_WARN_UNUSED_FUNCTION = YES;
				GCC_WARN_UNUSED_VARIABLE = YES;
				IPHONEOS_DEPLOYMENT_TARGET = 10.0;
				MTL_ENABLE_DEBUG_INFO = YES;
				ONLY_ACTIVE_ARCH = YES;
				SDKROOT = iphoneos;
				SWIFT_ACTIVE_COMPILATION_CONDITIONS = DEBUG;
				SWIFT_OPTIMIZATION_LEVEL = "-Onone";
			};
			name = Debug;
		};
		5B40FD201D903A9800E023B9 /* Release */ = {
			isa = XCBuildConfiguration;
			buildSettings = {
				ALWAYS_SEARCH_USER_PATHS = NO;
				CLANG_ANALYZER_NONNULL = YES;
				CLANG_CXX_LANGUAGE_STANDARD = "gnu++0x";
				CLANG_CXX_LIBRARY = "libc++";
				CLANG_ENABLE_MODULES = YES;
				CLANG_ENABLE_OBJC_ARC = YES;
				CLANG_WARN_BOOL_CONVERSION = YES;
				CLANG_WARN_CONSTANT_CONVERSION = YES;
				CLANG_WARN_DIRECT_OBJC_ISA_USAGE = YES_ERROR;
				CLANG_WARN_DOCUMENTATION_COMMENTS = YES;
				CLANG_WARN_EMPTY_BODY = YES;
				CLANG_WARN_ENUM_CONVERSION = YES;
				CLANG_WARN_INFINITE_RECURSION = YES;
				CLANG_WARN_INT_CONVERSION = YES;
				CLANG_WARN_OBJC_ROOT_CLASS = YES_ERROR;
				CLANG_WARN_SUSPICIOUS_MOVES = YES;
				CLANG_WARN_UNREACHABLE_CODE = YES;
				CLANG_WARN__DUPLICATE_METHOD_MATCH = YES;
				"CODE_SIGN_IDENTITY[sdk=iphoneos*]" = "iPhone Developer";
				COPY_PHASE_STRIP = NO;
				DEBUG_INFORMATION_FORMAT = "dwarf-with-dsym";
				ENABLE_NS_ASSERTIONS = NO;
				ENABLE_STRICT_OBJC_MSGSEND = YES;
				GCC_C_LANGUAGE_STANDARD = gnu99;
				GCC_NO_COMMON_BLOCKS = YES;
				GCC_WARN_64_TO_32_BIT_CONVERSION = YES;
				GCC_WARN_ABOUT_RETURN_TYPE = YES_ERROR;
				GCC_WARN_UNDECLARED_SELECTOR = YES;
				GCC_WARN_UNINITIALIZED_AUTOS = YES_AGGRESSIVE;
				GCC_WARN_UNUSED_FUNCTION = YES;
				GCC_WARN_UNUSED_VARIABLE = YES;
				IPHONEOS_DEPLOYMENT_TARGET = 10.0;
				MTL_ENABLE_DEBUG_INFO = NO;
				SDKROOT = iphoneos;
				SWIFT_OPTIMIZATION_LEVEL = "-Owholemodule";
				VALIDATE_PRODUCT = YES;
			};
			name = Release;
		};
		5B40FD221D903A9800E023B9 /* Debug */ = {
			isa = XCBuildConfiguration;
			buildSettings = {
				ASSETCATALOG_COMPILER_APPICON_NAME = AppIcon;
				DEVELOPMENT_TEAM = V22BWBTLYW;
				INFOPLIST_FILE = SportsTriviaGame/Info.plist;
				LD_RUNPATH_SEARCH_PATHS = "$(inherited) @executable_path/Frameworks";
				PRODUCT_BUNDLE_IDENTIFIER = com.jetwolfelabs.SportsTriviaGame;
				PRODUCT_NAME = "$(TARGET_NAME)";
				SWIFT_VERSION = 3.0;
			};
			name = Debug;
		};
		5B40FD231D903A9800E023B9 /* Release */ = {
			isa = XCBuildConfiguration;
			buildSettings = {
				ASSETCATALOG_COMPILER_APPICON_NAME = AppIcon;
				DEVELOPMENT_TEAM = V22BWBTLYW;
				INFOPLIST_FILE = SportsTriviaGame/Info.plist;
				LD_RUNPATH_SEARCH_PATHS = "$(inherited) @executable_path/Frameworks";
				PRODUCT_BUNDLE_IDENTIFIER = com.jetwolfelabs.SportsTriviaGame;
				PRODUCT_NAME = "$(TARGET_NAME)";
				SWIFT_VERSION = 3.0;
			};
			name = Release;
		};
		5B40FD251D903A9800E023B9 /* Debug */ = {
			isa = XCBuildConfiguration;
			buildSettings = {
				ALWAYS_EMBED_SWIFT_STANDARD_LIBRARIES = YES;
				BUNDLE_LOADER = "$(TEST_HOST)";
				DEVELOPMENT_TEAM = V22BWBTLYW;
				INFOPLIST_FILE = SportsTriviaGameTests/Info.plist;
				LD_RUNPATH_SEARCH_PATHS = "$(inherited) @executable_path/Frameworks @loader_path/Frameworks";
				PRODUCT_BUNDLE_IDENTIFIER = com.jetwolfelabs.SportsTriviaGameTests;
				PRODUCT_NAME = "$(TARGET_NAME)";
				SWIFT_VERSION = 3.0;
				TEST_HOST = "$(BUILT_PRODUCTS_DIR)/SportsTriviaGame.app/SportsTriviaGame";
			};
			name = Debug;
		};
		5B40FD261D903A9800E023B9 /* Release */ = {
			isa = XCBuildConfiguration;
			buildSettings = {
				ALWAYS_EMBED_SWIFT_STANDARD_LIBRARIES = YES;
				BUNDLE_LOADER = "$(TEST_HOST)";
				DEVELOPMENT_TEAM = V22BWBTLYW;
				INFOPLIST_FILE = SportsTriviaGameTests/Info.plist;
				LD_RUNPATH_SEARCH_PATHS = "$(inherited) @executable_path/Frameworks @loader_path/Frameworks";
				PRODUCT_BUNDLE_IDENTIFIER = com.jetwolfelabs.SportsTriviaGameTests;
				PRODUCT_NAME = "$(TARGET_NAME)";
				SWIFT_VERSION = 3.0;
				TEST_HOST = "$(BUILT_PRODUCTS_DIR)/SportsTriviaGame.app/SportsTriviaGame";
			};
			name = Release;
		};
		5B40FD281D903A9800E023B9 /* Debug */ = {
			isa = XCBuildConfiguration;
			buildSettings = {
				ALWAYS_EMBED_SWIFT_STANDARD_LIBRARIES = YES;
				DEVELOPMENT_TEAM = V22BWBTLYW;
				INFOPLIST_FILE = SportsTriviaGameUITests/Info.plist;
				LD_RUNPATH_SEARCH_PATHS = "$(inherited) @executable_path/Frameworks @loader_path/Frameworks";
				PRODUCT_BUNDLE_IDENTIFIER = com.jetwolfelabs.SportsTriviaGameUITests;
				PRODUCT_NAME = "$(TARGET_NAME)";
				SWIFT_VERSION = 3.0;
				TEST_TARGET_NAME = SportsTriviaGame;
			};
			name = Debug;
		};
		5B40FD291D903A9800E023B9 /* Release */ = {
			isa = XCBuildConfiguration;
			buildSettings = {
				ALWAYS_EMBED_SWIFT_STANDARD_LIBRARIES = YES;
				DEVELOPMENT_TEAM = V22BWBTLYW;
				INFOPLIST_FILE = SportsTriviaGameUITests/Info.plist;
				LD_RUNPATH_SEARCH_PATHS = "$(inherited) @executable_path/Frameworks @loader_path/Frameworks";
				PRODUCT_BUNDLE_IDENTIFIER = com.jetwolfelabs.SportsTriviaGameUITests;
				PRODUCT_NAME = "$(TARGET_NAME)";
				SWIFT_VERSION = 3.0;
				TEST_TARGET_NAME = SportsTriviaGame;
			};
			name = Release;
		};
/* End XCBuildConfiguration section */

/* Begin XCConfigurationList section */
		5B40FCF41D903A9800E023B9 /* Build configuration list for PBXProject "SportsTriviaGame" */ = {
			isa = XCConfigurationList;
			buildConfigurations = (
				5B40FD1F1D903A9800E023B9 /* Debug */,
				5B40FD201D903A9800E023B9 /* Release */,
			);
			defaultConfigurationIsVisible = 0;
			defaultConfigurationName = Release;
		};
		5B40FD211D903A9800E023B9 /* Build configuration list for PBXNativeTarget "SportsTriviaGame" */ = {
			isa = XCConfigurationList;
			buildConfigurations = (
				5B40FD221D903A9800E023B9 /* Debug */,
				5B40FD231D903A9800E023B9 /* Release */,
			);
			defaultConfigurationIsVisible = 0;
			defaultConfigurationName = Release;
		};
		5B40FD241D903A9800E023B9 /* Build configuration list for PBXNativeTarget "SportsTriviaGameTests" */ = {
			isa = XCConfigurationList;
			buildConfigurations = (
				5B40FD251D903A9800E023B9 /* Debug */,
				5B40FD261D903A9800E023B9 /* Release */,
			);
			defaultConfigurationIsVisible = 0;
			defaultConfigurationName = Release;
		};
		5B40FD271D903A9800E023B9 /* Build configuration list for PBXNativeTarget "SportsTriviaGameUITests" */ = {
			isa = XCConfigurationList;
			buildConfigurations = (
				5B40FD281D903A9800E023B9 /* Debug */,
				5B40FD291D903A9800E023B9 /* Release */,
			);
			defaultConfigurationIsVisible = 0;
			defaultConfigurationName = Release;
		};
/* End XCConfigurationList section */
	};
	rootObject = 5B40FCF11D903A9800E023B9 /* Project object */;
}
